// !$*UTF8*$!
{
	archiveVersion = 1;
	classes = {
	};
	objectVersion = 46;
	objects = {

/* Begin PBXBuildFile section */
		A18F07041C3803300079D3A9 /* BNRItem.m in Sources */ = {isa = PBXBuildFile; fileRef = A18F07031C3803300079D3A9 /* BNRItem.m */; };
		A18F07071C3804340079D3A9 /* BNRItemStore.m in Sources */ = {isa = PBXBuildFile; fileRef = A18F07061C3804340079D3A9 /* BNRItemStore.m */; };
		A19270A71C32F22600F1E474 /* main.m in Sources */ = {isa = PBXBuildFile; fileRef = A19270A61C32F22600F1E474 /* main.m */; };
		A19270AA1C32F22600F1E474 /* AppDelegate.m in Sources */ = {isa = PBXBuildFile; fileRef = A19270A91C32F22600F1E474 /* AppDelegate.m */; };
		A19270AD1C32F22600F1E474 /* ViewController.m in Sources */ = {isa = PBXBuildFile; fileRef = A19270AC1C32F22600F1E474 /* ViewController.m */; };
		A19270B01C32F22600F1E474 /* Main.storyboard in Resources */ = {isa = PBXBuildFile; fileRef = A19270AE1C32F22600F1E474 /* Main.storyboard */; };
		A19270B21C32F22600F1E474 /* Images.xcassets in Resources */ = {isa = PBXBuildFile; fileRef = A19270B11C32F22600F1E474 /* Images.xcassets */; };
		A19270B51C32F22600F1E474 /* LaunchScreen.xib in Resources */ = {isa = PBXBuildFile; fileRef = A19270B31C32F22600F1E474 /* LaunchScreen.xib */; };
		A19270C11C32F22600F1E474 /* HomepwnerTests.m in Sources */ = {isa = PBXBuildFile; fileRef = A19270C01C32F22600F1E474 /* HomepwnerTests.m */; };
		A19270CC1C32F27D00F1E474 /* BNRItemsViewController.m in Sources */ = {isa = PBXBuildFile; fileRef = A19270CB1C32F27D00F1E474 /* BNRItemsViewController.m */; };
/* End PBXBuildFile section */

/* Begin PBXContainerItemProxy section */
		A19270BB1C32F22600F1E474 /* PBXContainerItemProxy */ = {
			isa = PBXContainerItemProxy;
			containerPortal = A19270991C32F22500F1E474 /* Project object */;
			proxyType = 1;
			remoteGlobalIDString = A19270A01C32F22500F1E474;
			remoteInfo = Homepwner;
		};
/* End PBXContainerItemProxy section */

/* Begin PBXFileReference section */
		A18F07021C3803300079D3A9 /* BNRItem.h */ = {isa = PBXFileReference; fileEncoding = 4; lastKnownFileType = sourcecode.c.h; path = BNRItem.h; sourceTree = "<group>"; };
		A18F07031C3803300079D3A9 /* BNRItem.m */ = {isa = PBXFileReference; fileEncoding = 4; lastKnownFileType = sourcecode.c.objc; path = BNRItem.m; sourceTree = "<group>"; };
		A18F07051C3804340079D3A9 /* BNRItemStore.h */ = {isa = PBXFileReference; fileEncoding = 4; lastKnownFileType = sourcecode.c.h; path = BNRItemStore.h; sourceTree = "<group>"; };
		A18F07061C3804340079D3A9 /* BNRItemStore.m */ = {isa = PBXFileReference; fileEncoding = 4; lastKnownFileType = sourcecode.c.objc; path = BNRItemStore.m; sourceTree = "<group>"; };
		A19270A11C32F22500F1E474 /* Homepwner.app */ = {isa = PBXFileReference; explicitFileType = wrapper.application; includeInIndex = 0; path = Homepwner.app; sourceTree = BUILT_PRODUCTS_DIR; };
		A19270A51C32F22600F1E474 /* Info.plist */ = {isa = PBXFileReference; lastKnownFileType = text.plist.xml; path = Info.plist; sourceTree = "<group>"; };
		A19270A61C32F22600F1E474 /* main.m */ = {isa = PBXFileReference; lastKnownFileType = sourcecode.c.objc; path = main.m; sourceTree = "<group>"; };
		A19270A81C32F22600F1E474 /* AppDelegate.h */ = {isa = PBXFileReference; lastKnownFileType = sourcecode.c.h; path = AppDelegate.h; sourceTree = "<group>"; };
		A19270A91C32F22600F1E474 /* AppDelegate.m */ = {isa = PBXFileReference; lastKnownFileType = sourcecode.c.objc; path = AppDelegate.m; sourceTree = "<group>"; };
		A19270AB1C32F22600F1E474 /* ViewController.h */ = {isa = PBXFileReference; lastKnownFileType = sourcecode.c.h; path = ViewController.h; sourceTree = "<group>"; };
		A19270AC1C32F22600F1E474 /* ViewController.m */ = {isa = PBXFileReference; lastKnownFileType = sourcecode.c.objc; path = ViewController.m; sourceTree = "<group>"; };
		A19270AF1C32F22600F1E474 /* Base */ = {isa = PBXFileReference; lastKnownFileType = file.storyboard; name = Base; path = Base.lproj/Main.storyboard; sourceTree = "<group>"; };
		A19270B11C32F22600F1E474 /* Images.xcassets */ = {isa = PBXFileReference; lastKnownFileType = folder.assetcatalog; path = Images.xcassets; sourceTree = "<group>"; };
		A19270B41C32F22600F1E474 /* Base */ = {isa = PBXFileReference; lastKnownFileType = file.xib; name = Base; path = Base.lproj/LaunchScreen.xib; sourceTree = "<group>"; };
		A19270BA1C32F22600F1E474 /* HomepwnerTests.xctest */ = {isa = PBXFileReference; explicitFileType = wrapper.cfbundle; includeInIndex = 0; path = HomepwnerTests.xctest; sourceTree = BUILT_PRODUCTS_DIR; };
		A19270BF1C32F22600F1E474 /* Info.plist */ = {isa = PBXFileReference; lastKnownFileType = text.plist.xml; path = Info.plist; sourceTree = "<group>"; };
		A19270C01C32F22600F1E474 /* HomepwnerTests.m */ = {isa = PBXFileReference; lastKnownFileType = sourcecode.c.objc; path = HomepwnerTests.m; sourceTree = "<group>"; };
		A19270CA1C32F27D00F1E474 /* BNRItemsViewController.h */ = {isa = PBXFileReference; fileEncoding = 4; lastKnownFileType = sourcecode.c.h; path = BNRItemsViewController.h; sourceTree = "<group>"; };
		A19270CB1C32F27D00F1E474 /* BNRItemsViewController.m */ = {isa = PBXFileReference; fileEncoding = 4; lastKnownFileType = sourcecode.c.objc; path = BNRItemsViewController.m; sourceTree = "<group>"; };
/* End PBXFileReference section */

/* Begin PBXFrameworksBuildPhase section */
		A192709E1C32F22500F1E474 /* Frameworks */ = {
			isa = PBXFrameworksBuildPhase;
			buildActionMask = 2147483647;
			files = (
			);
			runOnlyForDeploymentPostprocessing = 0;
		};
		A19270B71C32F22600F1E474 /* Frameworks */ = {
			isa = PBXFrameworksBuildPhase;
			buildActionMask = 2147483647;
			files = (
			);
			runOnlyForDeploymentPostprocessing = 0;
		};
/* End PBXFrameworksBuildPhase section */

/* Begin PBXGroup section */
		A19270981C32F22500F1E474 = {
			isa = PBXGroup;
			children = (
				A18F07051C3804340079D3A9 /* BNRItemStore.h */,
				A18F07061C3804340079D3A9 /* BNRItemStore.m */,
				A19270CA1C32F27D00F1E474 /* BNRItemsViewController.h */,
				A19270CB1C32F27D00F1E474 /* BNRItemsViewController.m */,
				A19270A31C32F22500F1E474 /* Homepwner */,
				A19270BD1C32F22600F1E474 /* HomepwnerTests */,
				A19270A21C32F22500F1E474 /* Products */,
			);
			sourceTree = "<group>";
		};
		A19270A21C32F22500F1E474 /* Products */ = {
			isa = PBXGroup;
			children = (
				A19270A11C32F22500F1E474 /* Homepwner.app */,
				A19270BA1C32F22600F1E474 /* HomepwnerTests.xctest */,
			);
			name = Products;
			sourceTree = "<group>";
		};
		A19270A31C32F22500F1E474 /* Homepwner */ = {
			isa = PBXGroup;
			children = (
				A18F07021C3803300079D3A9 /* BNRItem.h */,
				A18F07031C3803300079D3A9 /* BNRItem.m */,
				A19270A81C32F22600F1E474 /* AppDelegate.h */,
				A19270A91C32F22600F1E474 /* AppDelegate.m */,
				A19270AB1C32F22600F1E474 /* ViewController.h */,
				A19270AC1C32F22600F1E474 /* ViewController.m */,
				A19270AE1C32F22600F1E474 /* Main.storyboard */,
				A19270B11C32F22600F1E474 /* Images.xcassets */,
				A19270B31C32F22600F1E474 /* LaunchScreen.xib */,
				A19270A41C32F22500F1E474 /* Supporting Files */,
			);
			path = Homepwner;
			sourceTree = "<group>";
		};
		A19270A41C32F22500F1E474 /* Supporting Files */ = {
			isa = PBXGroup;
			children = (
				A19270A51C32F22600F1E474 /* Info.plist */,
				A19270A61C32F22600F1E474 /* main.m */,
			);
			name = "Supporting Files";
			sourceTree = "<group>";
		};
		A19270BD1C32F22600F1E474 /* HomepwnerTests */ = {
			isa = PBXGroup;
			children = (
				A19270C01C32F22600F1E474 /* HomepwnerTests.m */,
				A19270BE1C32F22600F1E474 /* Supporting Files */,
			);
			path = HomepwnerTests;
			sourceTree = "<group>";
		};
		A19270BE1C32F22600F1E474 /* Supporting Files */ = {
			isa = PBXGroup;
			children = (
				A19270BF1C32F22600F1E474 /* Info.plist */,
			);
			name = "Supporting Files";
			sourceTree = "<group>";
		};
/* End PBXGroup section */

/* Begin PBXNativeTarget section */
		A19270A01C32F22500F1E474 /* Homepwner */ = {
			isa = PBXNativeTarget;
			buildConfigurationList = A19270C41C32F22600F1E474 /* Build configuration list for PBXNativeTarget "Homepwner" */;
			buildPhases = (
				A192709D1C32F22500F1E474 /* Sources */,
				A192709E1C32F22500F1E474 /* Frameworks */,
				A192709F1C32F22500F1E474 /* Resources */,
			);
			buildRules = (
			);
			dependencies = (
			);
			name = Homepwner;
			productName = Homepwner;
			productReference = A19270A11C32F22500F1E474 /* Homepwner.app */;
			productType = "com.apple.product-type.application";
		};
		A19270B91C32F22600F1E474 /* HomepwnerTests */ = {
			isa = PBXNativeTarget;
			buildConfigurationList = A19270C71C32F22600F1E474 /* Build configuration list for PBXNativeTarget "HomepwnerTests" */;
			buildPhases = (
				A19270B61C32F22600F1E474 /* Sources */,
				A19270B71C32F22600F1E474 /* Frameworks */,
				A19270B81C32F22600F1E474 /* Resources */,
			);
			buildRules = (
			);
			dependencies = (
				A19270BC1C32F22600F1E474 /* PBXTargetDependency */,
			);
			name = HomepwnerTests;
			productName = HomepwnerTests;
			productReference = A19270BA1C32F22600F1E474 /* HomepwnerTests.xctest */;
			productType = "com.apple.product-type.bundle.unit-test";
		};
/* End PBXNativeTarget section */

/* Begin PBXProject section */
		A19270991C32F22500F1E474 /* Project object */ = {
			isa = PBXProject;
			attributes = {
				LastUpgradeCheck = 0640;
				ORGANIZATIONNAME = ancool;
				TargetAttributes = {
					A19270A01C32F22500F1E474 = {
						CreatedOnToolsVersion = 6.4;
					};
					A19270B91C32F22600F1E474 = {
						CreatedOnToolsVersion = 6.4;
						TestTargetID = A19270A01C32F22500F1E474;
					};
				};
			};
			buildConfigurationList = A192709C1C32F22500F1E474 /* Build configuration list for PBXProject "Homepwner" */;
			compatibilityVersion = "Xcode 3.2";
			developmentRegion = English;
			hasScannedForEncodings = 0;
			knownRegions = (
				en,
				Base,
			);
			mainGroup = A19270981C32F22500F1E474;
			productRefGroup = A19270A21C32F22500F1E474 /* Products */;
			projectDirPath = "";
			projectRoot = "";
			targets = (
				A19270A01C32F22500F1E474 /* Homepwner */,
				A19270B91C32F22600F1E474 /* HomepwnerTests */,
			);
		};
/* End PBXProject section */

/* Begin PBXResourcesBuildPhase section */
		A192709F1C32F22500F1E474 /* Resources */ = {
			isa = PBXResourcesBuildPhase;
			buildActionMask = 2147483647;
			files = (
				A19270B01C32F22600F1E474 /* Main.storyboard in Resources */,
				A19270B51C32F22600F1E474 /* LaunchScreen.xib in Resources */,
				A19270B21C32F22600F1E474 /* Images.xcassets in Resources */,
			);
			runOnlyForDeploymentPostprocessing = 0;
		};
		A19270B81C32F22600F1E474 /* Resources */ = {
			isa = PBXResourcesBuildPhase;
			buildActionMask = 2147483647;
			files = (
			);
			runOnlyForDeploymentPostprocessing = 0;
		};
/* End PBXResourcesBuildPhase section */

/* Begin PBXSourcesBuildPhase section */
		A192709D1C32F22500F1E474 /* Sources */ = {
			isa = PBXSourcesBuildPhase;
			buildActionMask = 2147483647;
			files = (
				A19270AD1C32F22600F1E474 /* ViewController.m in Sources */,
				A19270AA1C32F22600F1E474 /* AppDelegate.m in Sources */,
				A18F07041C3803300079D3A9 /* BNRItem.m in Sources */,
				A19270CC1C32F27D00F1E474 /* BNRItemsViewController.m in Sources */,
				A19270A71C32F22600F1E474 /* main.m in Sources */,
				A18F07071C3804340079D3A9 /* BNRItemStore.m in Sources */,
			);
			runOnlyForDeploymentPostprocessing = 0;
		};
		A19270B61C32F22600F1E474 /* Sources */ = {
			isa = PBXSourcesBuildPhase;
			buildActionMask = 2147483647;
			files = (
				A19270C11C32F22600F1E474 /* HomepwnerTests.m in Sources */,
			);
			runOnlyForDeploymentPostprocessing = 0;
		};
/* End PBXSourcesBuildPhase section */

/* Begin PBXTargetDependency section */
		A19270BC1C32F22600F1E474 /* PBXTargetDependency */ = {
			isa = PBXTargetDependency;
			target = A19270A01C32F22500F1E474 /* Homepwner */;
			targetProxy = A19270BB1C32F22600F1E474 /* PBXContainerItemProxy */;
		};
/* End PBXTargetDependency section */

/* Begin PBXVariantGroup section */
		A19270AE1C32F22600F1E474 /* Main.storyboard */ = {
			isa = PBXVariantGroup;
			children = (
				A19270AF1C32F22600F1E474 /* Base */,
			);
			name = Main.storyboard;
			sourceTree = "<group>";
		};
		A19270B31C32F22600F1E474 /* LaunchScreen.xib */ = {
			isa = PBXVariantGroup;
			children = (
				A19270B41C32F22600F1E474 /* Base */,
			);
			name = LaunchScreen.xib;
			sourceTree = "<group>";
		};
/* End PBXVariantGroup section */

/* Begin XCBuildConfiguration section */
		A19270C21C32F22600F1E474 /* Debug */ = {
			isa = XCBuildConfiguration;
			buildSettings = {
				ALWAYS_SEARCH_USER_PATHS = NO;
				CLANG_CXX_LANGUAGE_STANDARD = "gnu++0x";
				CLANG_CXX_LIBRARY = "libc++";
				CLANG_ENABLE_MODULES = YES;
				CLANG_ENABLE_OBJC_ARC = YES;
				CLANG_WARN_BOOL_CONVERSION = YES;
				CLANG_WARN_CONSTANT_CONVERSION = YES;
				CLANG_WARN_DIRECT_OBJC_ISA_USAGE = YES_ERROR;
				CLANG_WARN_EMPTY_BODY = YES;
				CLANG_WARN_ENUM_CONVERSION = YES;
				CLANG_WARN_INT_CONVERSION = YES;
				CLANG_WARN_OBJC_ROOT_CLASS = YES_ERROR;
				CLANG_WARN_UNREACHABLE_CODE = YES;
				CLANG_WARN__DUPLICATE_METHOD_MATCH = YES;
				"CODE_SIGN_IDENTITY[sdk=iphoneos*]" = "iPhone Developer";
				COPY_PHASE_STRIP = NO;
				DEBUG_INFORMATION_FORMAT = "dwarf-with-dsym";
				ENABLE_STRICT_OBJC_MSGSEND = YES;
				GCC_C_LANGUAGE_STANDARD = gnu99;
				GCC_DYNAMIC_NO_PIC = NO;
				GCC_NO_COMMON_BLOCKS = YES;
				GCC_OPTIMIZATION_LEVEL = 0;
				GCC_PREPROCESSOR_DEFINITIONS = (
					"DEBUG=1",
					"$(inherited)",
				);
				GCC_SYMBOLS_PRIVATE_EXTERN = NO;
				GCC_WARN_64_TO_32_BIT_CONVERSION = YES;
				GCC_WARN_ABOUT_RETURN_TYPE = YES_ERROR;
				GCC_WARN_UNDECLARED_SELECTOR = YES;
				GCC_WARN_UNINITIALIZED_AUTOS = YES_AGGRESSIVE;
				GCC_WARN_UNUSED_FUNCTION = YES;
				GCC_WARN_UNUSED_VARIABLE = YES;
				IPHONEOS_DEPLOYMENT_TARGET = 8.4;
				MTL_ENABLE_DEBUG_INFO = YES;
				ONLY_ACTIVE_ARCH = YES;
				SDKROOT = iphoneos;
			};
			name = Debug;
		};
		A19270C31C32F22600F1E474 /* Release */ = {
			isa = XCBuildConfiguration;
			buildSettings = {
				ALWAYS_SEARCH_USER_PATHS = NO;
				CLANG_CXX_LANGUAGE_STANDARD = "gnu++0x";
				CLANG_CXX_LIBRARY = "libc++";
				CLANG_ENABLE_MODULES = YES;
				CLANG_ENABLE_OBJC_ARC = YES;
				CLANG_WARN_BOOL_CONVERSION = YES;
				CLANG_WARN_CONSTANT_CONVERSION = YES;
				CLANG_WARN_DIRECT_OBJC_ISA_USAGE = YES_ERROR;
				CLANG_WARN_EMPTY_BODY = YES;
				CLANG_WARN_ENUM_CONVERSION = YES;
				CLANG_WARN_INT_CONVERSION = YES;
				CLANG_WARN_OBJC_ROOT_CLASS = YES_ERROR;
				CLANG_WARN_UNREACHABLE_CODE = YES;
				CLANG_WARN__DUPLICATE_METHOD_MATCH = YES;
				"CODE_SIGN_IDENTITY[sdk=iphoneos*]" = "iPhone Developer";
				COPY_PHASE_STRIP = NO;
				DEBUG_INFORMATION_FORMAT = "dwarf-with-dsym";
				ENABLE_NS_ASSERTIONS = NO;
				ENABLE_STRICT_OBJC_MSGSEND = YES;
				GCC_C_LANGUAGE_STANDARD = gnu99;
				GCC_NO_COMMON_BLOCKS = YES;
				GCC_WARN_64_TO_32_BIT_CONVERSION = YES;
				GCC_WARN_ABOUT_RETURN_TYPE = YES_ERROR;
				GCC_WARN_UNDECLARED_SELECTOR = YES;
				GCC_WARN_UNINITIALIZED_AUTOS = YES_AGGRESSIVE;
				GCC_WARN_UNUSED_FUNCTION = YES;
				GCC_WARN_UNUSED_VARIABLE = YES;
				IPHONEOS_DEPLOYMENT_TARGET = 8.4;
				MTL_ENABLE_DEBUG_INFO = NO;
				SDKROOT = iphoneos;
				VALIDATE_PRODUCT = YES;
			};
			name = Release;
		};
		A19270C51C32F22600F1E474 /* Debug */ = {
			isa = XCBuildConfiguration;
			buildSettings = {
				ASSETCATALOG_COMPILER_APPICON_NAME = AppIcon;
				INFOPLIST_FILE = Homepwner/Info.plist;
				LD_RUNPATH_SEARCH_PATHS = "$(inherited) @executable_path/Frameworks";
				PRODUCT_NAME = "$(TARGET_NAME)";
			};
			name = Debug;
		};
		A19270C61C32F22600F1E474 /* Release */ = {
			isa = XCBuildConfiguration;
			buildSettings = {
				ASSETCATALOG_COMPILER_APPICON_NAME = AppIcon;
				INFOPLIST_FILE = Homepwner/Info.plist;
				LD_RUNPATH_SEARCH_PATHS = "$(inherited) @executable_path/Frameworks";
				PRODUCT_NAME = "$(TARGET_NAME)";
			};
			name = Release;
		};
		A19270C81C32F22600F1E474 /* Debug */ = {
			isa = XCBuildConfiguration;
			buildSettings = {
				BUNDLE_LOADER = "$(TEST_HOST)";
				FRAMEWORK_SEARCH_PATHS = (
					"$(SDKROOT)/Developer/Library/Frameworks",
					"$(inherited)",
				);
				GCC_PREPROCESSOR_DEFINITIONS = (
					"DEBUG=1",
					"$(inherited)",
				);
				INFOPLIST_FILE = HomepwnerTests/Info.plist;
				LD_RUNPATH_SEARCH_PATHS = "$(inherited) @executable_path/Frameworks @loader_path/Frameworks";
				PRODUCT_NAME = "$(TARGET_NAME)";
				TEST_HOST = "$(BUILT_PRODUCTS_DIR)/Homepwner.app/Homepwner";
			};
			name = Debug;
		};
		A19270C91C32F22600F1E474 /* Release */ = {
			isa = XCBuildConfiguration;
			buildSettings = {
				BUNDLE_LOADER = "$(TEST_HOST)";
				FRAMEWORK_SEARCH_PATHS = (
					"$(SDKROOT)/Developer/Library/Frameworks",
					"$(inherited)",
				);
				INFOPLIST_FILE = HomepwnerTests/Info.plist;
				LD_RUNPATH_SEARCH_PATHS = "$(inherited) @executable_path/Frameworks @loader_path/Frameworks";
				PRODUCT_NAME = "$(TARGET_NAME)";
				TEST_HOST = "$(BUILT_PRODUCTS_DIR)/Homepwner.app/Homepwner";
			};
			name = Release;
		};
/* End XCBuildConfiguration section */

/* Begin XCConfigurationList section */
		A192709C1C32F22500F1E474 /* Build configuration list for PBXProject "Homepwner" */ = {
			isa = XCConfigurationList;
			buildConfigurations = (
				A19270C21C32F22600F1E474 /* Debug */,
				A19270C31C32F22600F1E474 /* Release */,
			);
			defaultConfigurationIsVisible = 0;
			defaultConfigurationName = Release;
		};
		A19270C41C32F22600F1E474 /* Build configuration list for PBXNativeTarget "Homepwner" */ = {
			isa = XCConfigurationList;
			buildConfigurations = (
				A19270C51C32F22600F1E474 /* Debug */,
				A19270C61C32F22600F1E474 /* Release */,
			);
			defaultConfigurationIsVisible = 0;
			defaultConfigurationName = Release;
		};
		A19270C71C32F22600F1E474 /* Build configuration list for PBXNativeTarget "HomepwnerTests" */ = {
			isa = XCConfigurationList;
			buildConfigurations = (
				A19270C81C32F22600F1E474 /* Debug */,
				A19270C91C32F22600F1E474 /* Release */,
			);
			defaultConfigurationIsVisible = 0;
			defaultConfigurationName = Release;
		};
/* End XCConfigurationList section */
	};
	rootObject = A19270991C32F22500F1E474 /* Project object */;
}
